
Microsoft Visual Studio Solution File, Format Version 12.00
# Visual Studio Version 16
VisualStudioVersion = 16.0.31613.86
MinimumVisualStudioVersion = 10.0.40219.1
Project("{FAE04EC0-301F-11D3-BF4B-00C04F79EFBC}") = "CadastroImoveis", "CadastroImoveis.csproj", "{B1CF38EB-FD60-49B7-A381-DB3D3E80FBB4}"
EndProject
Global
	GlobalSection(SolutionConfigurationPlatforms) = preSolution
		Debug|Any CPU = Debug|Any CPU
		Release|Any CPU = Release|Any CPU
	EndGlobalSection
	GlobalSection(ProjectConfigurationPlatforms) = postSolution
		{B1CF38EB-FD60-49B7-A381-DB3D3E80FBB4}.Debug|Any CPU.ActiveCfg = Debug|Any CPU
		{B1CF38EB-FD60-49B7-A381-DB3D3E80FBB4}.Debug|Any CPU.Build.0 = Debug|Any CPU
		{B1CF38EB-FD60-49B7-A381-DB3D3E80FBB4}.Release|Any CPU.ActiveCfg = Release|Any CPU
		{B1CF38EB-FD60-49B7-A381-DB3D3E80FBB4}.Release|Any CPU.Build.0 = Release|Any CPU
	EndGlobalSection
	GlobalSection(SolutionProperties) = preSolution
		HideSolutionNode = FALSE
	EndGlobalSection
	GlobalSection(ExtensibilityGlobals) = postSolution
		SolutionGuid = {1620DF48-3A13-4ECC-9BC6-1FB42E510688}
	EndGlobalSection
EndGlobal
